
Microsoft Visual Studio Solution File, Format Version 12.00
# Visual Studio Version 16
VisualStudioVersion = 16.0.31829.152
MinimumVisualStudioVersion = 10.0.40219.1
Project("{FAE04EC0-301F-11D3-BF4B-00C04F79EFBC}") = "PracticaArrays02", "PracticaArrays02\PracticaArrays02.csproj", "{F6BE5575-7CB8-4983-B074-1D4DA00ED2C7}"
EndProject
Global
	GlobalSection(SolutionConfigurationPlatforms) = preSolution
		Debug|Any CPU = Debug|Any CPU
		Release|Any CPU = Release|Any CPU
	EndGlobalSection
	GlobalSection(ProjectConfigurationPlatforms) = postSolution
		{F6BE5575-7CB8-4983-B074-1D4DA00ED2C7}.Debug|Any CPU.ActiveCfg = Debug|Any CPU
		{F6BE5575-7CB8-4983-B074-1D4DA00ED2C7}.Debug|Any CPU.Build.0 = Debug|Any CPU
		{F6BE5575-7CB8-4983-B074-1D4DA00ED2C7}.Release|Any CPU.ActiveCfg = Release|Any CPU
		{F6BE5575-7CB8-4983-B074-1D4DA00ED2C7}.Release|Any CPU.Build.0 = Release|Any CPU
	EndGlobalSection
	GlobalSection(SolutionProperties) = preSolution
		HideSolutionNode = FALSE
	EndGlobalSection
	GlobalSection(ExtensibilityGlobals) = postSolution
		SolutionGuid = {49ADD4B3-D996-486C-9959-492FB74D79E9}
	EndGlobalSection
EndGlobal
